
Microsoft Visual Studio Solution File, Format Version 12.00
# Visual Studio Version 17
VisualStudioVersion = 17.3.32929.385
MinimumVisualStudioVersion = 10.0.40219.1
Project("{FAE04EC0-301F-11D3-BF4B-00C04F79EFBC}") = "Практика день 1 (3)", "Практика день 1 (3)\Практика день 1 (3).csproj", "{257D680B-5EE1-4602-9369-90993D208588}"
EndProject
Global
	GlobalSection(SolutionConfigurationPlatforms) = preSolution
		Debug|Any CPU = Debug|Any CPU
		Release|Any CPU = Release|Any CPU
	EndGlobalSection
	GlobalSection(ProjectConfigurationPlatforms) = postSolution
		{257D680B-5EE1-4602-9369-90993D208588}.Debug|Any CPU.ActiveCfg = Debug|Any CPU
		{257D680B-5EE1-4602-9369-90993D208588}.Debug|Any CPU.Build.0 = Debug|Any CPU
		{257D680B-5EE1-4602-9369-90993D208588}.Release|Any CPU.ActiveCfg = Release|Any CPU
		{257D680B-5EE1-4602-9369-90993D208588}.Release|Any CPU.Build.0 = Release|Any CPU
	EndGlobalSection
	GlobalSection(SolutionProperties) = preSolution
		HideSolutionNode = FALSE
	EndGlobalSection
	GlobalSection(ExtensibilityGlobals) = postSolution
		SolutionGuid = {51C039DA-05AC-47DE-BEC8-69A32F32A0C8}
	EndGlobalSection
EndGlobal
